
Microsoft Visual Studio Solution File, Format Version 12.00
# Visual Studio Version 16
VisualStudioVersion = 16.0.30621.155
MinimumVisualStudioVersion = 10.0.40219.1
Project("{9A19103F-16F7-4668-BE54-9A1E7A4F7556}") = "AWSDemo", "AWSDemo\AWSDemo.csproj", "{C62EA540-36DE-4E59-AC4E-08A050233C2E}"
EndProject
Project("{FAE04EC0-301F-11D3-BF4B-00C04F79EFBC}") = "AWSDemoTests", "AWSDemoTests\AWSDemoTests.csproj", "{4B0F6998-45B6-4C5A-A665-EABA2636D1F1}"
EndProject
Global
	GlobalSection(SolutionConfigurationPlatforms) = preSolution
		Debug|Any CPU = Debug|Any CPU
		Release|Any CPU = Release|Any CPU
	EndGlobalSection
	GlobalSection(ProjectConfigurationPlatforms) = postSolution
		{C62EA540-36DE-4E59-AC4E-08A050233C2E}.Debug|Any CPU.ActiveCfg = Debug|Any CPU
		{C62EA540-36DE-4E59-AC4E-08A050233C2E}.Debug|Any CPU.Build.0 = Debug|Any CPU
		{C62EA540-36DE-4E59-AC4E-08A050233C2E}.Release|Any CPU.ActiveCfg = Release|Any CPU
		{C62EA540-36DE-4E59-AC4E-08A050233C2E}.Release|Any CPU.Build.0 = Release|Any CPU
		{4B0F6998-45B6-4C5A-A665-EABA2636D1F1}.Debug|Any CPU.ActiveCfg = Debug|Any CPU
		{4B0F6998-45B6-4C5A-A665-EABA2636D1F1}.Debug|Any CPU.Build.0 = Debug|Any CPU
		{4B0F6998-45B6-4C5A-A665-EABA2636D1F1}.Release|Any CPU.ActiveCfg = Release|Any CPU
		{4B0F6998-45B6-4C5A-A665-EABA2636D1F1}.Release|Any CPU.Build.0 = Release|Any CPU
	EndGlobalSection
	GlobalSection(SolutionProperties) = preSolution
		HideSolutionNode = FALSE
	EndGlobalSection
	GlobalSection(ExtensibilityGlobals) = postSolution
		SolutionGuid = {2B9B3B0F-6DA0-4FD7-A4A7-738AFE8ABAE7}
	EndGlobalSection
EndGlobal
